
Microsoft Visual Studio Solution File, Format Version 12.00
# Visual Studio Version 17
VisualStudioVersion = 17.9.34701.34
MinimumVisualStudioVersion = 10.0.40219.1
Project("{FAE04EC0-301F-11D3-BF4B-00C04F79EFBC}") = "Lexicon_MVC_Storage_11", "Lexicon_MVC_Storage_11\Lexicon_MVC_Storage_11.csproj", "{9558042B-11E4-4F39-ABFA-4A67E02DA255}"
EndProject
Global
	GlobalSection(SolutionConfigurationPlatforms) = preSolution
		Debug|Any CPU = Debug|Any CPU
		Release|Any CPU = Release|Any CPU
	EndGlobalSection
	GlobalSection(ProjectConfigurationPlatforms) = postSolution
		{9558042B-11E4-4F39-ABFA-4A67E02DA255}.Debug|Any CPU.ActiveCfg = Debug|Any CPU
		{9558042B-11E4-4F39-ABFA-4A67E02DA255}.Debug|Any CPU.Build.0 = Debug|Any CPU
		{9558042B-11E4-4F39-ABFA-4A67E02DA255}.Release|Any CPU.ActiveCfg = Release|Any CPU
		{9558042B-11E4-4F39-ABFA-4A67E02DA255}.Release|Any CPU.Build.0 = Release|Any CPU
	EndGlobalSection
	GlobalSection(SolutionProperties) = preSolution
		HideSolutionNode = FALSE
	EndGlobalSection
	GlobalSection(ExtensibilityGlobals) = postSolution
		SolutionGuid = {D37C69FD-3E97-406F-9BCC-908DC1DA8DF6}
	EndGlobalSection
EndGlobal
